
Microsoft Visual Studio Solution File, Format Version 11.00
# Visual Studio 2010
Project("{8BC9CEB8-8B4A-11D0-8D11-00A0C91BC942}") = "CNEXP5", "CNEXP5\CNEXP5.vcxproj", "{42899398-79C6-4C1A-8AE6-4CEF94495B24}"
EndProject
Global
	GlobalSection(SolutionConfigurationPlatforms) = preSolution
		Debug|Win32 = Debug|Win32
		Release|Win32 = Release|Win32
	EndGlobalSection
	GlobalSection(ProjectConfigurationPlatforms) = postSolution
		{42899398-79C6-4C1A-8AE6-4CEF94495B24}.Debug|Win32.ActiveCfg = Debug|Win32
		{42899398-79C6-4C1A-8AE6-4CEF94495B24}.Debug|Win32.Build.0 = Debug|Win32
		{42899398-79C6-4C1A-8AE6-4CEF94495B24}.Release|Win32.ActiveCfg = Release|Win32
		{42899398-79C6-4C1A-8AE6-4CEF94495B24}.Release|Win32.Build.0 = Release|Win32
	EndGlobalSection
	GlobalSection(SolutionProperties) = preSolution
		HideSolutionNode = FALSE
	EndGlobalSection
EndGlobal
